// !$*UTF8*$!
{
	archiveVersion = 1;
	classes = {
	};
	objectVersion = 56;
	objects = {

/* Begin PBXBuildFile section */
		55AC07772AF0D0AF00D64221 /* AppDelegate.swift in Sources */ = {isa = PBXBuildFile; fileRef = 55AC07762AF0D0AF00D64221 /* AppDelegate.swift */; };
		55AC07792AF0D0AF00D64221 /* SceneDelegate.swift in Sources */ = {isa = PBXBuildFile; fileRef = 55AC07782AF0D0AF00D64221 /* SceneDelegate.swift */; };
		55AC077B2AF0D0AF00D64221 /* ViewController.swift in Sources */ = {isa = PBXBuildFile; fileRef = 55AC077A2AF0D0AF00D64221 /* ViewController.swift */; };
		55AC077E2AF0D0AF00D64221 /* Main.storyboard in Resources */ = {isa = PBXBuildFile; fileRef = 55AC077C2AF0D0AF00D64221 /* Main.storyboard */; };
		55AC07802AF0D0AF00D64221 /* Assets.xcassets in Resources */ = {isa = PBXBuildFile; fileRef = 55AC077F2AF0D0AF00D64221 /* Assets.xcassets */; };
		55AC07832AF0D0AF00D64221 /* LaunchScreen.storyboard in Resources */ = {isa = PBXBuildFile; fileRef = 55AC07812AF0D0AF00D64221 /* LaunchScreen.storyboard */; };
		55AC078E2AF0D0B000D64221 /* tvbssportsTests.swift in Sources */ = {isa = PBXBuildFile; fileRef = 55AC078D2AF0D0B000D64221 /* tvbssportsTests.swift */; };
		55AC07982AF0D0B000D64221 /* tvbssportsUITests.swift in Sources */ = {isa = PBXBuildFile; fileRef = 55AC07972AF0D0B000D64221 /* tvbssportsUITests.swift */; };
		55AC079A2AF0D0B000D64221 /* tvbssportsUITestsLaunchTests.swift in Sources */ = {isa = PBXBuildFile; fileRef = 55AC07992AF0D0B000D64221 /* tvbssportsUITestsLaunchTests.swift */; };
/* End PBXBuildFile section */

/* Begin PBXContainerItemProxy section */
		55AC078A2AF0D0B000D64221 /* PBXContainerItemProxy */ = {
			isa = PBXContainerItemProxy;
			containerPortal = 55AC076B2AF0D0AF00D64221 /* Project object */;
			proxyType = 1;
			remoteGlobalIDString = 55AC07722AF0D0AF00D64221;
			remoteInfo = tvbssports;
		};
		55AC07942AF0D0B000D64221 /* PBXContainerItemProxy */ = {
			isa = PBXContainerItemProxy;
			containerPortal = 55AC076B2AF0D0AF00D64221 /* Project object */;
			proxyType = 1;
			remoteGlobalIDString = 55AC07722AF0D0AF00D64221;
			remoteInfo = tvbssports;
		};
/* End PBXContainerItemProxy section */

/* Begin PBXFileReference section */
		55AC07732AF0D0AF00D64221 /* tvbssports.app */ = {isa = PBXFileReference; explicitFileType = wrapper.application; includeInIndex = 0; path = tvbssports.app; sourceTree = BUILT_PRODUCTS_DIR; };
		55AC07762AF0D0AF00D64221 /* AppDelegate.swift */ = {isa = PBXFileReference; lastKnownFileType = sourcecode.swift; path = AppDelegate.swift; sourceTree = "<group>"; };
		55AC07782AF0D0AF00D64221 /* SceneDelegate.swift */ = {isa = PBXFileReference; lastKnownFileType = sourcecode.swift; path = SceneDelegate.swift; sourceTree = "<group>"; };
		55AC077A2AF0D0AF00D64221 /* ViewController.swift */ = {isa = PBXFileReference; lastKnownFileType = sourcecode.swift; path = ViewController.swift; sourceTree = "<group>"; };
		55AC077D2AF0D0AF00D64221 /* Base */ = {isa = PBXFileReference; lastKnownFileType = file.storyboard; name = Base; path = Base.lproj/Main.storyboard; sourceTree = "<group>"; };
		55AC077F2AF0D0AF00D64221 /* Assets.xcassets */ = {isa = PBXFileReference; lastKnownFileType = folder.assetcatalog; path = Assets.xcassets; sourceTree = "<group>"; };
		55AC07822AF0D0AF00D64221 /* Base */ = {isa = PBXFileReference; lastKnownFileType = file.storyboard; name = Base; path = Base.lproj/LaunchScreen.storyboard; sourceTree = "<group>"; };
		55AC07842AF0D0AF00D64221 /* Info.plist */ = {isa = PBXFileReference; lastKnownFileType = text.plist.xml; path = Info.plist; sourceTree = "<group>"; };
		55AC07892AF0D0B000D64221 /* tvbssportsTests.xctest */ = {isa = PBXFileReference; explicitFileType = wrapper.cfbundle; includeInIndex = 0; path = tvbssportsTests.xctest; sourceTree = BUILT_PRODUCTS_DIR; };
		55AC078D2AF0D0B000D64221 /* tvbssportsTests.swift */ = {isa = PBXFileReference; lastKnownFileType = sourcecode.swift; path = tvbssportsTests.swift; sourceTree = "<group>"; };
		55AC07932AF0D0B000D64221 /* tvbssportsUITests.xctest */ = {isa = PBXFileReference; explicitFileType = wrapper.cfbundle; includeInIndex = 0; path = tvbssportsUITests.xctest; sourceTree = BUILT_PRODUCTS_DIR; };
		55AC07972AF0D0B000D64221 /* tvbssportsUITests.swift */ = {isa = PBXFileReference; lastKnownFileType = sourcecode.swift; path = tvbssportsUITests.swift; sourceTree = "<group>"; };
		55AC07992AF0D0B000D64221 /* tvbssportsUITestsLaunchTests.swift */ = {isa = PBXFileReference; lastKnownFileType = sourcecode.swift; path = tvbssportsUITestsLaunchTests.swift; sourceTree = "<group>"; };
/* End PBXFileReference section */

/* Begin PBXFrameworksBuildPhase section */
		55AC07702AF0D0AF00D64221 /* Frameworks */ = {
			isa = PBXFrameworksBuildPhase;
			buildActionMask = 2147483647;
			files = (
			);
			runOnlyForDeploymentPostprocessing = 0;
		};
		55AC07862AF0D0B000D64221 /* Frameworks */ = {
			isa = PBXFrameworksBuildPhase;
			buildActionMask = 2147483647;
			files = (
			);
			runOnlyForDeploymentPostprocessing = 0;
		};
		55AC07902AF0D0B000D64221 /* Frameworks */ = {
			isa = PBXFrameworksBuildPhase;
			buildActionMask = 2147483647;
			files = (
			);
			runOnlyForDeploymentPostprocessing = 0;
		};
/* End PBXFrameworksBuildPhase section */

/* Begin PBXGroup section */
		55249F2D2AF0D6B800FBC05F /* Controller */ = {
			isa = PBXGroup;
			children = (
				55AC07762AF0D0AF00D64221 /* AppDelegate.swift */,
				55AC07782AF0D0AF00D64221 /* SceneDelegate.swift */,
				55AC077A2AF0D0AF00D64221 /* ViewController.swift */,
			);
			path = Controller;
			sourceTree = "<group>";
		};
		55AC076A2AF0D0AF00D64221 = {
			isa = PBXGroup;
			children = (
				55AC07752AF0D0AF00D64221 /* tvbssports */,
				55AC078C2AF0D0B000D64221 /* tvbssportsTests */,
				55AC07962AF0D0B000D64221 /* tvbssportsUITests */,
				55AC07742AF0D0AF00D64221 /* Products */,
			);
			sourceTree = "<group>";
		};
		55AC07742AF0D0AF00D64221 /* Products */ = {
			isa = PBXGroup;
			children = (
				55AC07732AF0D0AF00D64221 /* tvbssports.app */,
				55AC07892AF0D0B000D64221 /* tvbssportsTests.xctest */,
				55AC07932AF0D0B000D64221 /* tvbssportsUITests.xctest */,
			);
			name = Products;
			sourceTree = "<group>";
		};
		55AC07752AF0D0AF00D64221 /* tvbssports */ = {
			isa = PBXGroup;
			children = (
				55249F2D2AF0D6B800FBC05F /* Controller */,
				55AC077C2AF0D0AF00D64221 /* Main.storyboard */,
				55AC077F2AF0D0AF00D64221 /* Assets.xcassets */,
				55AC07812AF0D0AF00D64221 /* LaunchScreen.storyboard */,
				55AC07842AF0D0AF00D64221 /* Info.plist */,
			);
			path = tvbssports;
			sourceTree = "<group>";
		};
		55AC078C2AF0D0B000D64221 /* tvbssportsTests */ = {
			isa = PBXGroup;
			children = (
				55AC078D2AF0D0B000D64221 /* tvbssportsTests.swift */,
			);
			path = tvbssportsTests;
			sourceTree = "<group>";
		};
		55AC07962AF0D0B000D64221 /* tvbssportsUITests */ = {
			isa = PBXGroup;
			children = (
				55AC07972AF0D0B000D64221 /* tvbssportsUITests.swift */,
				55AC07992AF0D0B000D64221 /* tvbssportsUITestsLaunchTests.swift */,
			);
			path = tvbssportsUITests;
			sourceTree = "<group>";
		};
/* End PBXGroup section */

/* Begin PBXNativeTarget section */
		55AC07722AF0D0AF00D64221 /* tvbssports */ = {
			isa = PBXNativeTarget;
			buildConfigurationList = 55AC079D2AF0D0B000D64221 /* Build configuration list for PBXNativeTarget "tvbssports" */;
			buildPhases = (
				55AC076F2AF0D0AF00D64221 /* Sources */,
				55AC07702AF0D0AF00D64221 /* Frameworks */,
				55AC07712AF0D0AF00D64221 /* Resources */,
			);
			buildRules = (
			);
			dependencies = (
			);
			name = tvbssports;
			productName = tvbssports;
			productReference = 55AC07732AF0D0AF00D64221 /* tvbssports.app */;
			productType = "com.apple.product-type.application";
		};
		55AC07882AF0D0B000D64221 /* tvbssportsTests */ = {
			isa = PBXNativeTarget;
			buildConfigurationList = 55AC07A02AF0D0B000D64221 /* Build configuration list for PBXNativeTarget "tvbssportsTests" */;
			buildPhases = (
				55AC07852AF0D0B000D64221 /* Sources */,
				55AC07862AF0D0B000D64221 /* Frameworks */,
				55AC07872AF0D0B000D64221 /* Resources */,
			);
			buildRules = (
			);
			dependencies = (
				55AC078B2AF0D0B000D64221 /* PBXTargetDependency */,
			);
			name = tvbssportsTests;
			productName = tvbssportsTests;
			productReference = 55AC07892AF0D0B000D64221 /* tvbssportsTests.xctest */;
			productType = "com.apple.product-type.bundle.unit-test";
		};
		55AC07922AF0D0B000D64221 /* tvbssportsUITests */ = {
			isa = PBXNativeTarget;
			buildConfigurationList = 55AC07A32AF0D0B000D64221 /* Build configuration list for PBXNativeTarget "tvbssportsUITests" */;
			buildPhases = (
				55AC078F2AF0D0B000D64221 /* Sources */,
				55AC07902AF0D0B000D64221 /* Frameworks */,
				55AC07912AF0D0B000D64221 /* Resources */,
			);
			buildRules = (
			);
			dependencies = (
				55AC07952AF0D0B000D64221 /* PBXTargetDependency */,
			);
			name = tvbssportsUITests;
			productName = tvbssportsUITests;
			productReference = 55AC07932AF0D0B000D64221 /* tvbssportsUITests.xctest */;
			productType = "com.apple.product-type.bundle.ui-testing";
		};
/* End PBXNativeTarget section */

/* Begin PBXProject section */
		55AC076B2AF0D0AF00D64221 /* Project object */ = {
			isa = PBXProject;
			attributes = {
				BuildIndependentTargetsInParallel = 1;
				LastSwiftUpdateCheck = 1430;
				LastUpgradeCheck = 1430;
				TargetAttributes = {
					55AC07722AF0D0AF00D64221 = {
						CreatedOnToolsVersion = 14.3.1;
					};
					55AC07882AF0D0B000D64221 = {
						CreatedOnToolsVersion = 14.3.1;
						TestTargetID = 55AC07722AF0D0AF00D64221;
					};
					55AC07922AF0D0B000D64221 = {
						CreatedOnToolsVersion = 14.3.1;
						TestTargetID = 55AC07722AF0D0AF00D64221;
					};
				};
			};
			buildConfigurationList = 55AC076E2AF0D0AF00D64221 /* Build configuration list for PBXProject "tvbssports" */;
			compatibilityVersion = "Xcode 14.0";
			developmentRegion = en;
			hasScannedForEncodings = 0;
			knownRegions = (
				en,
				Base,
			);
			mainGroup = 55AC076A2AF0D0AF00D64221;
			productRefGroup = 55AC07742AF0D0AF00D64221 /* Products */;
			projectDirPath = "";
			projectRoot = "";
			targets = (
				55AC07722AF0D0AF00D64221 /* tvbssports */,
				55AC07882AF0D0B000D64221 /* tvbssportsTests */,
				55AC07922AF0D0B000D64221 /* tvbssportsUITests */,
			);
		};
/* End PBXProject section */

/* Begin PBXResourcesBuildPhase section */
		55AC07712AF0D0AF00D64221 /* Resources */ = {
			isa = PBXResourcesBuildPhase;
			buildActionMask = 2147483647;
			files = (
				55AC07832AF0D0AF00D64221 /* LaunchScreen.storyboard in Resources */,
				55AC07802AF0D0AF00D64221 /* Assets.xcassets in Resources */,
				55AC077E2AF0D0AF00D64221 /* Main.storyboard in Resources */,
			);
			runOnlyForDeploymentPostprocessing = 0;
		};
		55AC07872AF0D0B000D64221 /* Resources */ = {
			isa = PBXResourcesBuildPhase;
			buildActionMask = 2147483647;
			files = (
			);
			runOnlyForDeploymentPostprocessing = 0;
		};
		55AC07912AF0D0B000D64221 /* Resources */ = {
			isa = PBXResourcesBuildPhase;
			buildActionMask = 2147483647;
			files = (
			);
			runOnlyForDeploymentPostprocessing = 0;
		};
/* End PBXResourcesBuildPhase section */

/* Begin PBXSourcesBuildPhase section */
		55AC076F2AF0D0AF00D64221 /* Sources */ = {
			isa = PBXSourcesBuildPhase;
			buildActionMask = 2147483647;
			files = (
				55AC077B2AF0D0AF00D64221 /* ViewController.swift in Sources */,
				55AC07772AF0D0AF00D64221 /* AppDelegate.swift in Sources */,
				55AC07792AF0D0AF00D64221 /* SceneDelegate.swift in Sources */,
			);
			runOnlyForDeploymentPostprocessing = 0;
		};
		55AC07852AF0D0B000D64221 /* Sources */ = {
			isa = PBXSourcesBuildPhase;
			buildActionMask = 2147483647;
			files = (
				55AC078E2AF0D0B000D64221 /* tvbssportsTests.swift in Sources */,
			);
			runOnlyForDeploymentPostprocessing = 0;
		};
		55AC078F2AF0D0B000D64221 /* Sources */ = {
			isa = PBXSourcesBuildPhase;
			buildActionMask = 2147483647;
			files = (
				55AC079A2AF0D0B000D64221 /* tvbssportsUITestsLaunchTests.swift in Sources */,
				55AC07982AF0D0B000D64221 /* tvbssportsUITests.swift in Sources */,
			);
			runOnlyForDeploymentPostprocessing = 0;
		};
/* End PBXSourcesBuildPhase section */

/* Begin PBXTargetDependency section */
		55AC078B2AF0D0B000D64221 /* PBXTargetDependency */ = {
			isa = PBXTargetDependency;
			target = 55AC07722AF0D0AF00D64221 /* tvbssports */;
			targetProxy = 55AC078A2AF0D0B000D64221 /* PBXContainerItemProxy */;
		};
		55AC07952AF0D0B000D64221 /* PBXTargetDependency */ = {
			isa = PBXTargetDependency;
			target = 55AC07722AF0D0AF00D64221 /* tvbssports */;
			targetProxy = 55AC07942AF0D0B000D64221 /* PBXContainerItemProxy */;
		};
/* End PBXTargetDependency section */

/* Begin PBXVariantGroup section */
		55AC077C2AF0D0AF00D64221 /* Main.storyboard */ = {
			isa = PBXVariantGroup;
			children = (
				55AC077D2AF0D0AF00D64221 /* Base */,
			);
			name = Main.storyboard;
			sourceTree = "<group>";
		};
		55AC07812AF0D0AF00D64221 /* LaunchScreen.storyboard */ = {
			isa = PBXVariantGroup;
			children = (
				55AC07822AF0D0AF00D64221 /* Base */,
			);
			name = LaunchScreen.storyboard;
			sourceTree = "<group>";
		};
/* End PBXVariantGroup section */

/* Begin XCBuildConfiguration section */
		55AC079B2AF0D0B000D64221 /* Debug */ = {
			isa = XCBuildConfiguration;
			buildSettings = {
				ALWAYS_SEARCH_USER_PATHS = NO;
				CLANG_ANALYZER_NONNULL = YES;
				CLANG_ANALYZER_NUMBER_OBJECT_CONVERSION = YES_AGGRESSIVE;
				CLANG_CXX_LANGUAGE_STANDARD = "gnu++20";
				CLANG_ENABLE_MODULES = YES;
				CLANG_ENABLE_OBJC_ARC = YES;
				CLANG_ENABLE_OBJC_WEAK = YES;
				CLANG_WARN_BLOCK_CAPTURE_AUTORELEASING = YES;
				CLANG_WARN_BOOL_CONVERSION = YES;
				CLANG_WARN_COMMA = YES;
				CLANG_WARN_CONSTANT_CONVERSION = YES;
				CLANG_WARN_DEPRECATED_OBJC_IMPLEMENTATIONS = YES;
				CLANG_WARN_DIRECT_OBJC_ISA_USAGE = YES_ERROR;
				CLANG_WARN_DOCUMENTATION_COMMENTS = YES;
				CLANG_WARN_EMPTY_BODY = YES;
				CLANG_WARN_ENUM_CONVERSION = YES;
				CLANG_WARN_INFINITE_RECURSION = YES;
				CLANG_WARN_INT_CONVERSION = YES;
				CLANG_WARN_NON_LITERAL_NULL_CONVERSION = YES;
				CLANG_WARN_OBJC_IMPLICIT_RETAIN_SELF = YES;
				CLANG_WARN_OBJC_LITERAL_CONVERSION = YES;
				CLANG_WARN_OBJC_ROOT_CLASS = YES_ERROR;
				CLANG_WARN_QUOTED_INCLUDE_IN_FRAMEWORK_HEADER = YES;
				CLANG_WARN_RANGE_LOOP_ANALYSIS = YES;
				CLANG_WARN_STRICT_PROTOTYPES = YES;
				CLANG_WARN_SUSPICIOUS_MOVE = YES;
				CLANG_WARN_UNGUARDED_AVAILABILITY = YES_AGGRESSIVE;
				CLANG_WARN_UNREACHABLE_CODE = YES;
				CLANG_WARN__DUPLICATE_METHOD_MATCH = YES;
				COPY_PHASE_STRIP = NO;
				DEBUG_INFORMATION_FORMAT = dwarf;
				ENABLE_STRICT_OBJC_MSGSEND = YES;
				ENABLE_TESTABILITY = YES;
				GCC_C_LANGUAGE_STANDARD = gnu11;
				GCC_DYNAMIC_NO_PIC = NO;
				GCC_NO_COMMON_BLOCKS = YES;
				GCC_OPTIMIZATION_LEVEL = 0;
				GCC_PREPROCESSOR_DEFINITIONS = (
					"DEBUG=1",
					"$(inherited)",
				);
				GCC_WARN_64_TO_32_BIT_CONVERSION = YES;
				GCC_WARN_ABOUT_RETURN_TYPE = YES_ERROR;
				GCC_WARN_UNDECLARED_SELECTOR = YES;
				GCC_WARN_UNINITIALIZED_AUTOS = YES_AGGRESSIVE;
				GCC_WARN_UNUSED_FUNCTION = YES;
				GCC_WARN_UNUSED_VARIABLE = YES;
				IPHONEOS_DEPLOYMENT_TARGET = 16.4;
				MTL_ENABLE_DEBUG_INFO = INCLUDE_SOURCE;
				MTL_FAST_MATH = YES;
				ONLY_ACTIVE_ARCH = YES;
				SDKROOT = iphoneos;
				SWIFT_ACTIVE_COMPILATION_CONDITIONS = DEBUG;
				SWIFT_OPTIMIZATION_LEVEL = "-Onone";
			};
			name = Debug;
		};
		55AC079C2AF0D0B000D64221 /* Release */ = {
			isa = XCBuildConfiguration;
			buildSettings = {
				ALWAYS_SEARCH_USER_PATHS = NO;
				CLANG_ANALYZER_NONNULL = YES;
				CLANG_ANALYZER_NUMBER_OBJECT_CONVERSION = YES_AGGRESSIVE;
				CLANG_CXX_LANGUAGE_STANDARD = "gnu++20";
				CLANG_ENABLE_MODULES = YES;
				CLANG_ENABLE_OBJC_ARC = YES;
				CLANG_ENABLE_OBJC_WEAK = YES;
				CLANG_WARN_BLOCK_CAPTURE_AUTORELEASING = YES;
				CLANG_WARN_BOOL_CONVERSION = YES;
				CLANG_WARN_COMMA = YES;
				CLANG_WARN_CONSTANT_CONVERSION = YES;
				CLANG_WARN_DEPRECATED_OBJC_IMPLEMENTATIONS = YES;
				CLANG_WARN_DIRECT_OBJC_ISA_USAGE = YES_ERROR;
				CLANG_WARN_DOCUMENTATION_COMMENTS = YES;
				CLANG_WARN_EMPTY_BODY = YES;
				CLANG_WARN_ENUM_CONVERSION = YES;
				CLANG_WARN_INFINITE_RECURSION = YES;
				CLANG_WARN_INT_CONVERSION = YES;
				CLANG_WARN_NON_LITERAL_NULL_CONVERSION = YES;
				CLANG_WARN_OBJC_IMPLICIT_RETAIN_SELF = YES;
				CLANG_WARN_OBJC_LITERAL_CONVERSION = YES;
				CLANG_WARN_OBJC_ROOT_CLASS = YES_ERROR;
				CLANG_WARN_QUOTED_INCLUDE_IN_FRAMEWORK_HEADER = YES;
				CLANG_WARN_RANGE_LOOP_ANALYSIS = YES;
				CLANG_WARN_STRICT_PROTOTYPES = YES;
				CLANG_WARN_SUSPICIOUS_MOVE = YES;
				CLANG_WARN_UNGUARDED_AVAILABILITY = YES_AGGRESSIVE;
				CLANG_WARN_UNREACHABLE_CODE = YES;
				CLANG_WARN__DUPLICATE_METHOD_MATCH = YES;
				COPY_PHASE_STRIP = NO;
				DEBUG_INFORMATION_FORMAT = "dwarf-with-dsym";
				ENABLE_NS_ASSERTIONS = NO;
				ENABLE_STRICT_OBJC_MSGSEND = YES;
				GCC_C_LANGUAGE_STANDARD = gnu11;
				GCC_NO_COMMON_BLOCKS = YES;
				GCC_WARN_64_TO_32_BIT_CONVERSION = YES;
				GCC_WARN_ABOUT_RETURN_TYPE = YES_ERROR;
				GCC_WARN_UNDECLARED_SELECTOR = YES;
				GCC_WARN_UNINITIALIZED_AUTOS = YES_AGGRESSIVE;
				GCC_WARN_UNUSED_FUNCTION = YES;
				GCC_WARN_UNUSED_VARIABLE = YES;
				IPHONEOS_DEPLOYMENT_TARGET = 16.4;
				MTL_ENABLE_DEBUG_INFO = NO;
				MTL_FAST_MATH = YES;
				SDKROOT = iphoneos;
				SWIFT_COMPILATION_MODE = wholemodule;
				SWIFT_OPTIMIZATION_LEVEL = "-O";
				VALIDATE_PRODUCT = YES;
			};
			name = Release;
		};
		55AC079E2AF0D0B000D64221 /* Debug */ = {
			isa = XCBuildConfiguration;
			buildSettings = {
				ASSETCATALOG_COMPILER_APPICON_NAME = AppIcon;
				ASSETCATALOG_COMPILER_GLOBAL_ACCENT_COLOR_NAME = AccentColor;
				CODE_SIGN_STYLE = Automatic;
				CURRENT_PROJECT_VERSION = 1;
				DEVELOPMENT_TEAM = SANBC4ZN9M;
				GENERATE_INFOPLIST_FILE = YES;
				INFOPLIST_FILE = tvbssports/Info.plist;
				INFOPLIST_KEY_UIApplicationSupportsIndirectInputEvents = YES;
				INFOPLIST_KEY_UILaunchStoryboardName = LaunchScreen;
				INFOPLIST_KEY_UIMainStoryboardFile = Main;
				INFOPLIST_KEY_UISupportedInterfaceOrientations_iPad = "UIInterfaceOrientationPortrait UIInterfaceOrientationPortraitUpsideDown UIInterfaceOrientationLandscapeLeft UIInterfaceOrientationLandscapeRight";
				INFOPLIST_KEY_UISupportedInterfaceOrientations_iPhone = "UIInterfaceOrientationPortrait UIInterfaceOrientationLandscapeLeft UIInterfaceOrientationLandscapeRight";
				LD_RUNPATH_SEARCH_PATHS = (
					"$(inherited)",
					"@executable_path/Frameworks",
				);
				MARKETING_VERSION = 1.0;
				PRODUCT_BUNDLE_IDENTIFIER = tw.com.tvbs.tvbssports;
				PRODUCT_NAME = "$(TARGET_NAME)";
				SWIFT_EMIT_LOC_STRINGS = YES;
				SWIFT_VERSION = 5.0;
				TARGETED_DEVICE_FAMILY = "1,2";
			};
			name = Debug;
		};
		55AC079F2AF0D0B000D64221 /* Release */ = {
			isa = XCBuildConfiguration;
			buildSettings = {
				ASSETCATALOG_COMPILER_APPICON_NAME = AppIcon;
				ASSETCATALOG_COMPILER_GLOBAL_ACCENT_COLOR_NAME = AccentColor;
				CODE_SIGN_STYLE = Automatic;
				CURRENT_PROJECT_VERSION = 1;
				DEVELOPMENT_TEAM = SANBC4ZN9M;
				GENERATE_INFOPLIST_FILE = YES;
				INFOPLIST_FILE = tvbssports/Info.plist;
				INFOPLIST_KEY_UIApplicationSupportsIndirectInputEvents = YES;
				INFOPLIST_KEY_UILaunchStoryboardName = LaunchScreen;
				INFOPLIST_KEY_UIMainStoryboardFile = Main;
				INFOPLIST_KEY_UISupportedInterfaceOrientations_iPad = "UIInterfaceOrientationPortrait UIInterfaceOrientationPortraitUpsideDown UIInterfaceOrientationLandscapeLeft UIInterfaceOrientationLandscapeRight";
				INFOPLIST_KEY_UISupportedInterfaceOrientations_iPhone = "UIInterfaceOrientationPortrait UIInterfaceOrientationLandscapeLeft UIInterfaceOrientationLandscapeRight";
				LD_RUNPATH_SEARCH_PATHS = (
					"$(inherited)",
					"@executable_path/Frameworks",
				);
				MARKETING_VERSION = 1.0;
				PRODUCT_BUNDLE_IDENTIFIER = tw.com.tvbs.tvbssports;
				PRODUCT_NAME = "$(TARGET_NAME)";
				SWIFT_EMIT_LOC_STRINGS = YES;
				SWIFT_VERSION = 5.0;
				TARGETED_DEVICE_FAMILY = "1,2";
			};
			name = Release;
		};
		55AC07A12AF0D0B000D64221 /* Debug */ = {
			isa = XCBuildConfiguration;
			buildSettings = {
				ALWAYS_EMBED_SWIFT_STANDARD_LIBRARIES = YES;
				BUNDLE_LOADER = "$(TEST_HOST)";
				CODE_SIGN_STYLE = Automatic;
				CURRENT_PROJECT_VERSION = 1;
				DEVELOPMENT_TEAM = SANBC4ZN9M;
				GENERATE_INFOPLIST_FILE = YES;
				IPHONEOS_DEPLOYMENT_TARGET = 16.4;
				MARKETING_VERSION = 1.0;
				PRODUCT_BUNDLE_IDENTIFIER = tw.com.tvbs.tvbssportsTests;
				PRODUCT_NAME = "$(TARGET_NAME)";
				SWIFT_EMIT_LOC_STRINGS = NO;
				SWIFT_VERSION = 5.0;
				TARGETED_DEVICE_FAMILY = "1,2";
				TEST_HOST = "$(BUILT_PRODUCTS_DIR)/tvbssports.app/$(BUNDLE_EXECUTABLE_FOLDER_PATH)/tvbssports";
			};
			name = Debug;
		};
		55AC07A22AF0D0B000D64221 /* Release */ = {
			isa = XCBuildConfiguration;
			buildSettings = {
				ALWAYS_EMBED_SWIFT_STANDARD_LIBRARIES = YES;
				BUNDLE_LOADER = "$(TEST_HOST)";
				CODE_SIGN_STYLE = Automatic;
				CURRENT_PROJECT_VERSION = 1;
				DEVELOPMENT_TEAM = SANBC4ZN9M;
				GENERATE_INFOPLIST_FILE = YES;
				IPHONEOS_DEPLOYMENT_TARGET = 16.4;
				MARKETING_VERSION = 1.0;
				PRODUCT_BUNDLE_IDENTIFIER = tw.com.tvbs.tvbssportsTests;
				PRODUCT_NAME = "$(TARGET_NAME)";
				SWIFT_EMIT_LOC_STRINGS = NO;
				SWIFT_VERSION = 5.0;
				TARGETED_DEVICE_FAMILY = "1,2";
				TEST_HOST = "$(BUILT_PRODUCTS_DIR)/tvbssports.app/$(BUNDLE_EXECUTABLE_FOLDER_PATH)/tvbssports";
			};
			name = Release;
		};
		55AC07A42AF0D0B000D64221 /* Debug */ = {
			isa = XCBuildConfiguration;
			buildSettings = {
				ALWAYS_EMBED_SWIFT_STANDARD_LIBRARIES = YES;
				CODE_SIGN_STYLE = Automatic;
				CURRENT_PROJECT_VERSION = 1;
				DEVELOPMENT_TEAM = SANBC4ZN9M;
				GENERATE_INFOPLIST_FILE = YES;
				MARKETING_VERSION = 1.0;
				PRODUCT_BUNDLE_IDENTIFIER = tw.com.tvbs.tvbssportsUITests;
				PRODUCT_NAME = "$(TARGET_NAME)";
				SWIFT_EMIT_LOC_STRINGS = NO;
				SWIFT_VERSION = 5.0;
				TARGETED_DEVICE_FAMILY = "1,2";
				TEST_TARGET_NAME = tvbssports;
			};
			name = Debug;
		};
		55AC07A52AF0D0B000D64221 /* Release */ = {
			isa = XCBuildConfiguration;
			buildSettings = {
				ALWAYS_EMBED_SWIFT_STANDARD_LIBRARIES = YES;
				CODE_SIGN_STYLE = Automatic;
				CURRENT_PROJECT_VERSION = 1;
				DEVELOPMENT_TEAM = SANBC4ZN9M;
				GENERATE_INFOPLIST_FILE = YES;
				MARKETING_VERSION = 1.0;
				PRODUCT_BUNDLE_IDENTIFIER = tw.com.tvbs.tvbssportsUITests;
				PRODUCT_NAME = "$(TARGET_NAME)";
				SWIFT_EMIT_LOC_STRINGS = NO;
				SWIFT_VERSION = 5.0;
				TARGETED_DEVICE_FAMILY = "1,2";
				TEST_TARGET_NAME = tvbssports;
			};
			name = Release;
		};
/* End XCBuildConfiguration section */

/* Begin XCConfigurationList section */
		55AC076E2AF0D0AF00D64221 /* Build configuration list for PBXProject "tvbssports" */ = {
			isa = XCConfigurationList;
			buildConfigurations = (
				55AC079B2AF0D0B000D64221 /* Debug */,
				55AC079C2AF0D0B000D64221 /* Release */,
			);
			defaultConfigurationIsVisible = 0;
			defaultConfigurationName = Release;
		};
		55AC079D2AF0D0B000D64221 /* Build configuration list for PBXNativeTarget "tvbssports" */ = {
			isa = XCConfigurationList;
			buildConfigurations = (
				55AC079E2AF0D0B000D64221 /* Debug */,
				55AC079F2AF0D0B000D64221 /* Release */,
			);
			defaultConfigurationIsVisible = 0;
			defaultConfigurationName = Release;
		};
		55AC07A02AF0D0B000D64221 /* Build configuration list for PBXNativeTarget "tvbssportsTests" */ = {
			isa = XCConfigurationList;
			buildConfigurations = (
				55AC07A12AF0D0B000D64221 /* Debug */,
				55AC07A22AF0D0B000D64221 /* Release */,
			);
			defaultConfigurationIsVisible = 0;
			defaultConfigurationName = Release;
		};
		55AC07A32AF0D0B000D64221 /* Build configuration list for PBXNativeTarget "tvbssportsUITests" */ = {
			isa = XCConfigurationList;
			buildConfigurations = (
				55AC07A42AF0D0B000D64221 /* Debug */,
				55AC07A52AF0D0B000D64221 /* Release */,
			);
			defaultConfigurationIsVisible = 0;
			defaultConfigurationName = Release;
		};
/* End XCConfigurationList section */
	};
	rootObject = 55AC076B2AF0D0AF00D64221 /* Project object */;
}
